schema: '2.0'
stages:
  make_dataset:
    cmd: python src/data/make_dataset.py data/processed/data_feature_engg.csv
    deps:
    - path: data/processed/data_feature_engg.csv
      hash: md5
      md5: cb7f4be6b608770345b9ef9bb9b587d5
      size: 990027
    - path: src/data/make_dataset.py
      hash: md5
      md5: e39db268d721c674a402234ad4469c86
      size: 1671
    params:
      params.yaml:
        make_dataset.seed: 42
        make_dataset.test_split: 0.2
    outs:
    - path: data/processed/test.csv
      hash: md5
      md5: d14aee83a8355c3736bee22e248b28a6
      size: 193958
    - path: data/processed/train.csv
      hash: md5
      md5: 0d1bae0288f4b504bd8ee0c59f9d31ab
      size: 774009
  feature_engg:
    cmd: python src/features/build_features.py data/raw/orders.csv
    deps:
    - path: data/raw/orders.csv
      hash: md5
      md5: 6f3de4ebd4a902feea4c61a229d4e93c
      size: 908907
    - path: src/features/build_features.py
      hash: md5
      md5: c695dae27ac0e3fee468892cf6e42795
      size: 1894
    outs:
    - path: data/processed/data_feature_engg.csv
      hash: md5
      md5: cb7f4be6b608770345b9ef9bb9b587d5
      size: 990027
  feature_selection:
    cmd: python src/features/feature_selection.py data/processed/train.csv 
      data/processed/test.csv
    deps:
    - path: data/processed/test.csv
      hash: md5
      md5: d14aee83a8355c3736bee22e248b28a6
      size: 193958
    - path: data/processed/train.csv
      hash: md5
      md5: 0d1bae0288f4b504bd8ee0c59f9d31ab
      size: 774009
    - path: src/features/feature_selection.py
      hash: md5
      md5: f0c38825df285471725e743eb11ec6c7
      size: 1437
    outs:
    - path: data/processed/selected_test.csv
      hash: md5
      md5: ba77ba3b30bc9026560a35238840b54f
      size: 171143
    - path: data/processed/selected_train.csv
      hash: md5
      md5: 21310902f397341222ecd85ad8bb07c4
      size: 682785
  preprocessing:
    cmd: python src/preprocessing/preprocessing.py data/processed
    deps:
    - path: data/processed/selected_test.csv
      hash: md5
      md5: ba77ba3b30bc9026560a35238840b54f
      size: 171143
    - path: data/processed/selected_train.csv
      hash: md5
      md5: 21310902f397341222ecd85ad8bb07c4
      size: 682785
    - path: src/preprocessing/preprocessing.py
      hash: md5
      md5: fd0ca9a3ad542fd683b12a4bbcd2491d
      size: 3020
    outs:
    - path: data/processed/X_test_trf.csv
      hash: md5
      md5: 1c9be4c211379d1c9ea705720cc081a8
      size: 445445
    - path: data/processed/X_train_trf.csv
      hash: md5
      md5: 36286231914d198aa7b864ad932ea5c0
      size: 1780707
