schema: '2.0'
stages:
  make_dataset:
    cmd: python src/data/make_dataset.py data/processed/data_feature_engg.csv
    deps:
    - path: data/processed/data_feature_engg.csv
      hash: md5
      md5: cb7f4be6b608770345b9ef9bb9b587d5
      size: 990027
    - path: src/data/make_dataset.py
      hash: md5
      md5: e39db268d721c674a402234ad4469c86
      size: 1671
    params:
      params.yaml:
        make_dataset.seed: 42
        make_dataset.test_split: 0.2
    outs:
    - path: data/processed/test.csv
      hash: md5
      md5: d14aee83a8355c3736bee22e248b28a6
      size: 193958
    - path: data/processed/train.csv
      hash: md5
      md5: 0d1bae0288f4b504bd8ee0c59f9d31ab
      size: 774009
  feature_engg:
    cmd: python src/features/build_features.py data/raw/orders.csv
    deps:
    - path: data/raw/orders.csv
      hash: md5
      md5: 6f3de4ebd4a902feea4c61a229d4e93c
      size: 908907
    - path: src/features/build_features.py
      hash: md5
      md5: c695dae27ac0e3fee468892cf6e42795
      size: 1894
    outs:
    - path: data/processed/data_feature_engg.csv
      hash: md5
      md5: cb7f4be6b608770345b9ef9bb9b587d5
      size: 990027
  feature_selection:
    cmd: python src/features/feature_selection.py data/processed/train.csv 
      data/processed/test.csv
    deps:
    - path: data/processed/test.csv
      hash: md5
      md5: d14aee83a8355c3736bee22e248b28a6
      size: 193958
    - path: data/processed/train.csv
      hash: md5
      md5: 0d1bae0288f4b504bd8ee0c59f9d31ab
      size: 774009
    - path: src/features/feature_selection.py
      hash: md5
      md5: f0c38825df285471725e743eb11ec6c7
      size: 1437
    outs:
    - path: data/processed/selected_test.csv
      hash: md5
      md5: ba77ba3b30bc9026560a35238840b54f
      size: 171143
    - path: data/processed/selected_train.csv
      hash: md5
      md5: 21310902f397341222ecd85ad8bb07c4
      size: 682785
  preprocessing:
    cmd: python src/preprocessing/preprocessing.py data/processed
    deps:
    - path: data/processed/selected_test.csv
      hash: md5
      md5: ba77ba3b30bc9026560a35238840b54f
      size: 171143
    - path: data/processed/selected_train.csv
      hash: md5
      md5: 21310902f397341222ecd85ad8bb07c4
      size: 682785
    - path: src/preprocessing/preprocessing.py
      hash: md5
      md5: c79c10c6e8c310c4c5f1dc051768e0ed
      size: 4284
    outs:
    - path: data/processed/X_test_trf.csv
      hash: md5
      md5: c6130f76b9ecffc6d7516dd6930ad955
      size: 445445
    - path: data/processed/X_train_trf.csv
      hash: md5
      md5: a050855ebccaf652130dda99811fe3c9
      size: 1780707
    - path: models/preprocessor.pkl
      hash: md5
      md5: 4c9a80388223c5e6a75d63b1ff4401ac
      size: 7855
  train_model:
    cmd: python src/models/train_model.py data/processed
    deps:
    - path: data/processed/X_test_trf.csv
      hash: md5
      md5: c6130f76b9ecffc6d7516dd6930ad955
      size: 445445
    - path: data/processed/X_train_trf.csv
      hash: md5
      md5: a050855ebccaf652130dda99811fe3c9
      size: 1780707
    - path: data/processed/selected_test.csv
      hash: md5
      md5: ba77ba3b30bc9026560a35238840b54f
      size: 171143
    - path: data/processed/selected_train.csv
      hash: md5
      md5: 21310902f397341222ecd85ad8bb07c4
      size: 682785
    - path: src/models/train_model.py
      hash: md5
      md5: 17ac5663a376ea8876a4b4d742c235a9
      size: 4596
    params:
      params.yaml:
        model:
          logistic_regression:
            C: 1.0
            max_iter: 1000
            class_weight: balanced
          random_forest:
            n_estimators: 500
            max_depth: 10
            class_weight: balanced
          xgboost:
            n_estimators: 1000
            max_depth: 10
            learning_rate: 0.1
          lightgbm:
            n_estimators: 1000
            max_depth: 10
            learning_rate: 0.1
          extra_trees:
            n_estimators: 200
            max_depth:
            class_weight: balanced
          hist_gradient_boosting:
            max_iter: 200
            learning_rate: 0.1
            max_leaf_nodes: 31
          knn:
            n_neighbors: 5
            weights: uniform
            p: 2
          svm:
            C: 1.0
            kernel: rbf
            class_weight: balanced
  tune_model:
    cmd: python src/models/tune_model.py data/processed
    deps:
    - path: data/processed/X_train_trf.csv
      hash: md5
      md5: a050855ebccaf652130dda99811fe3c9
      size: 1780707
    - path: data/processed/selected_train.csv
      hash: md5
      md5: 21310902f397341222ecd85ad8bb07c4
      size: 682785
    - path: src/models/tune_model.py
      hash: md5
      md5: dd3f806d00bcc21990c5c3663da17ddb
      size: 2539
    params:
      params.yaml:
        tuning.C:
        - 0.01
        - 0.1
        - 0.5
        - 1
        - 2
        - 5
        - 10
  train_final_model:
    cmd: python src/models/train_final_model.py data/processed
    deps:
    - path: data/processed/X_test_trf.csv
      hash: md5
      md5: c6130f76b9ecffc6d7516dd6930ad955
      size: 445445
    - path: data/processed/X_train_trf.csv
      hash: md5
      md5: a050855ebccaf652130dda99811fe3c9
      size: 1780707
    - path: data/processed/selected_test.csv
      hash: md5
      md5: ba77ba3b30bc9026560a35238840b54f
      size: 171143
    - path: data/processed/selected_train.csv
      hash: md5
      md5: 21310902f397341222ecd85ad8bb07c4
      size: 682785
    - path: src/models/train_final_model.py
      hash: md5
      md5: bd462db76d7ab85827195da3ffa55b36
      size: 2583
    params:
      params.yaml:
        final_model:
          C: 2
          max_iter: 1000
          class_weight: balanced
    outs:
    - path: models/return_risk_model.pkl
      hash: md5
      md5: 755619a9f199b1eed754bb67bc8e196b
      size: 2479
