schema: '2.0'
stages:
  make_dataset:
    cmd: python src/data/make_dataset.py data/processed/data_feature_engg.csv
    deps:
    - path: data/processed/data_feature_engg.csv
      hash: md5
      md5: cb7f4be6b608770345b9ef9bb9b587d5
      size: 990027
    - path: src/data/make_dataset.py
      hash: md5
      md5: e39db268d721c674a402234ad4469c86
      size: 1671
    params:
      params.yaml:
        make_dataset.seed: 42
        make_dataset.test_split: 0.2
    outs:
    - path: data/processed/test.csv
      hash: md5
      md5: d14aee83a8355c3736bee22e248b28a6
      size: 193958
    - path: data/processed/train.csv
      hash: md5
      md5: 0d1bae0288f4b504bd8ee0c59f9d31ab
      size: 774009
  feature_engg:
    cmd: python src/features/build_features.py  data/raw/orders.csv
    deps:
    - path: data/raw/orders.csv
      hash: md5
      md5: 6f3de4ebd4a902feea4c61a229d4e93c
      size: 908907
    - path: src/features/build_features.py
      hash: md5
      md5: c695dae27ac0e3fee468892cf6e42795
      size: 1894
    outs:
    - path: data/processed/data_feature_engg.csv
      hash: md5
      md5: cb7f4be6b608770345b9ef9bb9b587d5
      size: 990027
